
Microsoft Visual Studio Solution File, Format Version 12.00
# Visual Studio 15
VisualStudioVersion = 15.0.27004.2010
MinimumVisualStudioVersion = 10.0.40219.1
Project("{888888A0-9F3D-457C-B088-3A5042F75D52}") = "PythonImageProcessing", "PythonImageProcessing\PythonImageProcessing.pyproj", "{A06AABD3-D1C2-41A1-85C3-D3C0D719646E}"
EndProject
Global
	GlobalSection(SolutionConfigurationPlatforms) = preSolution
		Debug|Any CPU = Debug|Any CPU
		Release|Any CPU = Release|Any CPU
	EndGlobalSection
	GlobalSection(ProjectConfigurationPlatforms) = postSolution
		{A06AABD3-D1C2-41A1-85C3-D3C0D719646E}.Debug|Any CPU.ActiveCfg = Debug|Any CPU
		{A06AABD3-D1C2-41A1-85C3-D3C0D719646E}.Release|Any CPU.ActiveCfg = Release|Any CPU
	EndGlobalSection
	GlobalSection(SolutionProperties) = preSolution
		HideSolutionNode = FALSE
	EndGlobalSection
	GlobalSection(ExtensibilityGlobals) = postSolution
		SolutionGuid = {C37E4489-5DC6-4FF7-85FD-453C9255B111}
	EndGlobalSection
EndGlobal
